
Microsoft Visual Studio Solution File, Format Version 12.00
# Visual Studio Version 17
VisualStudioVersion = 17.13.35825.156 d17.13
MinimumVisualStudioVersion = 10.0.40219.1
Project("{2150E333-8FDC-42A3-9474-1A3956D46DE8}") = "src", "src", "{02EA681E-C7D8-13C7-8484-4AC65E1B71E8}"
EndProject
Project("{2150E333-8FDC-42A3-9474-1A3956D46DE8}") = "tests", "tests", "{A9FDD919-1413-4C1B-B256-58EE3074E5BB}"
EndProject
Project("{2150E333-8FDC-42A3-9474-1A3956D46DE8}") = "docs", "docs", "{ACC6CA2C-73E6-498A-A11A-65185F21F2D0}"
EndProject
Project("{FAE04EC0-301F-11D3-BF4B-00C04F79EFBC}") = "API", "..\..\CENFOTEC\Proyecto_Ingenieria_de_software_2\Proyecto\Source\Proyecto_Software_2\Proyecto_Software_2\API.csproj", "{AD13D00E-617C-8D19-858B-F8ABB2078575}"
EndProject
Project("{FAE04EC0-301F-11D3-BF4B-00C04F79EFBC}") = "UI", "..\..\CENFOTEC\Proyecto_Ingenieria_de_software_2\Proyecto\Source\Proyecto_Software_2_UI\Proyecto_Software_2_UI\UI.csproj", "{E719F091-ECDD-9FD8-B311-2110B2B0B6E8}"
EndProject
Project("{2150E333-8FDC-42A3-9474-1A3956D46DE8}") = "SharedLib", "SharedLib", "{8E8B1C50-CFF4-4DF9-9F1C-5F4D54BCD98B}"
EndProject
Global
	GlobalSection(SolutionConfigurationPlatforms) = preSolution
		Debug|Any CPU = Debug|Any CPU
		Release|Any CPU = Release|Any CPU
	EndGlobalSection
	GlobalSection(ProjectConfigurationPlatforms) = postSolution
		{AD13D00E-617C-8D19-858B-F8ABB2078575}.Debug|Any CPU.ActiveCfg = Debug|Any CPU
		{AD13D00E-617C-8D19-858B-F8ABB2078575}.Debug|Any CPU.Build.0 = Debug|Any CPU
		{AD13D00E-617C-8D19-858B-F8ABB2078575}.Release|Any CPU.ActiveCfg = Release|Any CPU
		{AD13D00E-617C-8D19-858B-F8ABB2078575}.Release|Any CPU.Build.0 = Release|Any CPU
		{E719F091-ECDD-9FD8-B311-2110B2B0B6E8}.Debug|Any CPU.ActiveCfg = Debug|Any CPU
		{E719F091-ECDD-9FD8-B311-2110B2B0B6E8}.Debug|Any CPU.Build.0 = Debug|Any CPU
		{E719F091-ECDD-9FD8-B311-2110B2B0B6E8}.Release|Any CPU.ActiveCfg = Release|Any CPU
		{E719F091-ECDD-9FD8-B311-2110B2B0B6E8}.Release|Any CPU.Build.0 = Release|Any CPU
	EndGlobalSection
	GlobalSection(SolutionProperties) = preSolution
		HideSolutionNode = FALSE
	EndGlobalSection
	GlobalSection(NestedProjects) = preSolution
		{AD13D00E-617C-8D19-858B-F8ABB2078575} = {02EA681E-C7D8-13C7-8484-4AC65E1B71E8}
		{E719F091-ECDD-9FD8-B311-2110B2B0B6E8} = {02EA681E-C7D8-13C7-8484-4AC65E1B71E8}
		{8E8B1C50-CFF4-4DF9-9F1C-5F4D54BCD98B} = {02EA681E-C7D8-13C7-8484-4AC65E1B71E8}
	EndGlobalSection
	GlobalSection(ExtensibilityGlobals) = postSolution
		SolutionGuid = {CA27B876-DDD8-4501-81FB-73C7814342BB}
	EndGlobalSection
EndGlobal
